
Microsoft Visual Studio Solution File, Format Version 12.00
# Visual Studio Version 17
VisualStudioVersion = 17.13.35913.81
MinimumVisualStudioVersion = 10.0.40219.1
Project("{FAE04EC0-301F-11D3-BF4B-00C04F79EFBC}") = "MoorescnrWebsite", "MoorescnrWebsite.csproj", "{E495E74F-3720-4437-8557-E39B511E9D19}"
EndProject
Global
	GlobalSection(SolutionConfigurationPlatforms) = preSolution
		Debug|Any CPU = Debug|Any CPU
		Release|Any CPU = Release|Any CPU
	EndGlobalSection
	GlobalSection(ProjectConfigurationPlatforms) = postSolution
		{E495E74F-3720-4437-8557-E39B511E9D19}.Debug|Any CPU.ActiveCfg = Debug|Any CPU
		{E495E74F-3720-4437-8557-E39B511E9D19}.Debug|Any CPU.Build.0 = Debug|Any CPU
		{E495E74F-3720-4437-8557-E39B511E9D19}.Release|Any CPU.ActiveCfg = Release|Any CPU
		{E495E74F-3720-4437-8557-E39B511E9D19}.Release|Any CPU.Build.0 = Release|Any CPU
	EndGlobalSection
	GlobalSection(SolutionProperties) = preSolution
		HideSolutionNode = FALSE
	EndGlobalSection
	GlobalSection(ExtensibilityGlobals) = postSolution
		SolutionGuid = {92026451-A96E-4EDC-93E7-CF15A81786DF}
	EndGlobalSection
EndGlobal
